// !$*UTF8*$!
{
	archiveVersion = 1;
	classes = {
	};
	objectVersion = 46;
	objects = {

/* Begin PBXBuildFile section */
		1F36124F1C53185200B400EE /* AppDelegate.swift in Sources */ = {isa = PBXBuildFile; fileRef = 1F36124E1C53185200B400EE /* AppDelegate.swift */; };
		1F3612541C53185200B400EE /* Main.storyboard in Resources */ = {isa = PBXBuildFile; fileRef = 1F3612521C53185200B400EE /* Main.storyboard */; };
		1F3612561C53185200B400EE /* Assets.xcassets in Resources */ = {isa = PBXBuildFile; fileRef = 1F3612551C53185200B400EE /* Assets.xcassets */; };
		1F3612591C53185200B400EE /* LaunchScreen.storyboard in Resources */ = {isa = PBXBuildFile; fileRef = 1F3612571C53185200B400EE /* LaunchScreen.storyboard */; };
		1F36129E1C5319BD00B400EE /* Social.framework in Frameworks */ = {isa = PBXBuildFile; fileRef = 1F36129D1C5319BD00B400EE /* Social.framework */; };
		1F3612A01C5319C600B400EE /* GameKit.framework in Frameworks */ = {isa = PBXBuildFile; fileRef = 1F36129F1C5319C600B400EE /* GameKit.framework */; };
		1F3612A21C5319E100B400EE /* AVFoundation.framework in Frameworks */ = {isa = PBXBuildFile; fileRef = 1F3612A11C5319E100B400EE /* AVFoundation.framework */; };
		1F3612A41C531A2300B400EE /* GoogleMobileAds.framework in Frameworks */ = {isa = PBXBuildFile; fileRef = 1F3612A31C531A2300B400EE /* GoogleMobileAds.framework */; };
		1F3612AE1C5323F900B400EE /* Config.swift in Sources */ = {isa = PBXBuildFile; fileRef = 1F3612AD1C5323F900B400EE /* Config.swift */; };
		1F3612B01C5324EB00B400EE /* Collect.mp3 in Resources */ = {isa = PBXBuildFile; fileRef = 1F3612AF1C5324EB00B400EE /* Collect.mp3 */; };
		1F3612B71C53259800B400EE /* Appear.mp3 in Resources */ = {isa = PBXBuildFile; fileRef = 1F3612B11C53259800B400EE /* Appear.mp3 */; };
		1F3612B81C53259800B400EE /* Background.mp3 in Resources */ = {isa = PBXBuildFile; fileRef = 1F3612B21C53259800B400EE /* Background.mp3 */; };
		1F3612B91C53259800B400EE /* Enemy.mp3 in Resources */ = {isa = PBXBuildFile; fileRef = 1F3612B31C53259800B400EE /* Enemy.mp3 */; };
		1F3612BA1C53259800B400EE /* GameOver.mp3 in Resources */ = {isa = PBXBuildFile; fileRef = 1F3612B41C53259800B400EE /* GameOver.mp3 */; };
		1F3612BB1C53259800B400EE /* Hello.mp3 in Resources */ = {isa = PBXBuildFile; fileRef = 1F3612B51C53259800B400EE /* Hello.mp3 */; };
		1F3612BC1C53259800B400EE /* Tap.mp3 in Resources */ = {isa = PBXBuildFile; fileRef = 1F3612B61C53259800B400EE /* Tap.mp3 */; };
		1F3612C11C5325ED00B400EE /* CGFloat+Extensions.swift in Sources */ = {isa = PBXBuildFile; fileRef = 1F3612BD1C5325ED00B400EE /* CGFloat+Extensions.swift */; };
		1F3612C21C5325ED00B400EE /* CGPoint+Extensions.swift in Sources */ = {isa = PBXBuildFile; fileRef = 1F3612BE1C5325ED00B400EE /* CGPoint+Extensions.swift */; };
		1F3612C31C5325ED00B400EE /* SKAction+Extensions.swift in Sources */ = {isa = PBXBuildFile; fileRef = 1F3612BF1C5325ED00B400EE /* SKAction+Extensions.swift */; };
		1F3612C41C5325ED00B400EE /* UIColor+Extensions.swift in Sources */ = {isa = PBXBuildFile; fileRef = 1F3612C01C5325ED00B400EE /* UIColor+Extensions.swift */; };
		1F3612C61C53261800B400EE /* Int+Extensions.swift in Sources */ = {isa = PBXBuildFile; fileRef = 1F3612C51C53261800B400EE /* Int+Extensions.swift */; };
		1F3612CB1C53265A00B400EE /* BaseScene.swift in Sources */ = {isa = PBXBuildFile; fileRef = 1F3612C71C53265A00B400EE /* BaseScene.swift */; };
		1F3612CC1C53265A00B400EE /* GameOverScene.swift in Sources */ = {isa = PBXBuildFile; fileRef = 1F3612C81C53265A00B400EE /* GameOverScene.swift */; };
		1F3612CD1C53265A00B400EE /* GameScene.swift in Sources */ = {isa = PBXBuildFile; fileRef = 1F3612C91C53265A00B400EE /* GameScene.swift */; };
		1F3612CE1C53265A00B400EE /* MenuScene.swift in Sources */ = {isa = PBXBuildFile; fileRef = 1F3612CA1C53265A00B400EE /* MenuScene.swift */; };
		1F3612D21C53267500B400EE /* Enemy.swift in Sources */ = {isa = PBXBuildFile; fileRef = 1F3612CF1C53267500B400EE /* Enemy.swift */; };
		1F3612D31C53267500B400EE /* Player.swift in Sources */ = {isa = PBXBuildFile; fileRef = 1F3612D01C53267500B400EE /* Player.swift */; };
		1F3612D41C53267500B400EE /* Spam.swift in Sources */ = {isa = PBXBuildFile; fileRef = 1F3612D11C53267500B400EE /* Spam.swift */; };
		1F3612D61C5326F100B400EE /* GameViewController.swift in Sources */ = {isa = PBXBuildFile; fileRef = 1F3612D51C5326F100B400EE /* GameViewController.swift */; };
		1F3612D81C5343FD00B400EE /* iAd.framework in Frameworks */ = {isa = PBXBuildFile; fileRef = 1F3612D71C5343FD00B400EE /* iAd.framework */; };
/* End PBXBuildFile section */

/* Begin PBXFileReference section */
		1F36124B1C53185200B400EE /* Chasing Love.app */ = {isa = PBXFileReference; explicitFileType = wrapper.application; includeInIndex = 0; path = "Chasing Love.app"; sourceTree = BUILT_PRODUCTS_DIR; };
		1F36124E1C53185200B400EE /* AppDelegate.swift */ = {isa = PBXFileReference; lastKnownFileType = sourcecode.swift; path = AppDelegate.swift; sourceTree = "<group>"; };
		1F3612531C53185200B400EE /* Base */ = {isa = PBXFileReference; lastKnownFileType = file.storyboard; name = Base; path = Base.lproj/Main.storyboard; sourceTree = "<group>"; };
		1F3612551C53185200B400EE /* Assets.xcassets */ = {isa = PBXFileReference; lastKnownFileType = folder.assetcatalog; path = Assets.xcassets; sourceTree = "<group>"; };
		1F3612581C53185200B400EE /* Base */ = {isa = PBXFileReference; lastKnownFileType = file.storyboard; name = Base; path = Base.lproj/LaunchScreen.storyboard; sourceTree = "<group>"; };
		1F36125A1C53185200B400EE /* Info.plist */ = {isa = PBXFileReference; lastKnownFileType = text.plist.xml; path = Info.plist; sourceTree = "<group>"; };
		1F36129D1C5319BD00B400EE /* Social.framework */ = {isa = PBXFileReference; lastKnownFileType = wrapper.framework; name = Social.framework; path = System/Library/Frameworks/Social.framework; sourceTree = SDKROOT; };
		1F36129F1C5319C600B400EE /* GameKit.framework */ = {isa = PBXFileReference; lastKnownFileType = wrapper.framework; name = GameKit.framework; path = System/Library/Frameworks/GameKit.framework; sourceTree = SDKROOT; };
		1F3612A11C5319E100B400EE /* AVFoundation.framework */ = {isa = PBXFileReference; lastKnownFileType = wrapper.framework; name = AVFoundation.framework; path = System/Library/Frameworks/AVFoundation.framework; sourceTree = SDKROOT; };
		1F3612A31C531A2300B400EE /* GoogleMobileAds.framework */ = {isa = PBXFileReference; lastKnownFileType = wrapper.framework; path = GoogleMobileAds.framework; sourceTree = "<group>"; };
		1F3612AD1C5323F900B400EE /* Config.swift */ = {isa = PBXFileReference; fileEncoding = 4; lastKnownFileType = sourcecode.swift; path = Config.swift; sourceTree = "<group>"; };
		1F3612AF1C5324EB00B400EE /* Collect.mp3 */ = {isa = PBXFileReference; lastKnownFileType = audio.mp3; path = Collect.mp3; sourceTree = "<group>"; };
		1F3612B11C53259800B400EE /* Appear.mp3 */ = {isa = PBXFileReference; lastKnownFileType = audio.mp3; path = Appear.mp3; sourceTree = "<group>"; };
		1F3612B21C53259800B400EE /* Background.mp3 */ = {isa = PBXFileReference; lastKnownFileType = audio.mp3; path = Background.mp3; sourceTree = "<group>"; };
		1F3612B31C53259800B400EE /* Enemy.mp3 */ = {isa = PBXFileReference; lastKnownFileType = audio.mp3; path = Enemy.mp3; sourceTree = "<group>"; };
		1F3612B41C53259800B400EE /* GameOver.mp3 */ = {isa = PBXFileReference; lastKnownFileType = audio.mp3; path = GameOver.mp3; sourceTree = "<group>"; };
		1F3612B51C53259800B400EE /* Hello.mp3 */ = {isa = PBXFileReference; lastKnownFileType = audio.mp3; path = Hello.mp3; sourceTree = "<group>"; };
		1F3612B61C53259800B400EE /* Tap.mp3 */ = {isa = PBXFileReference; lastKnownFileType = audio.mp3; path = Tap.mp3; sourceTree = "<group>"; };
		1F3612BD1C5325ED00B400EE /* CGFloat+Extensions.swift */ = {isa = PBXFileReference; fileEncoding = 4; lastKnownFileType = sourcecode.swift; path = "CGFloat+Extensions.swift"; sourceTree = "<group>"; };
		1F3612BE1C5325ED00B400EE /* CGPoint+Extensions.swift */ = {isa = PBXFileReference; fileEncoding = 4; lastKnownFileType = sourcecode.swift; path = "CGPoint+Extensions.swift"; sourceTree = "<group>"; };
		1F3612BF1C5325ED00B400EE /* SKAction+Extensions.swift */ = {isa = PBXFileReference; fileEncoding = 4; lastKnownFileType = sourcecode.swift; path = "SKAction+Extensions.swift"; sourceTree = "<group>"; };
		1F3612C01C5325ED00B400EE /* UIColor+Extensions.swift */ = {isa = PBXFileReference; fileEncoding = 4; lastKnownFileType = sourcecode.swift; path = "UIColor+Extensions.swift"; sourceTree = "<group>"; };
		1F3612C51C53261800B400EE /* Int+Extensions.swift */ = {isa = PBXFileReference; fileEncoding = 4; lastKnownFileType = sourcecode.swift; path = "Int+Extensions.swift"; sourceTree = "<group>"; };
		1F3612C71C53265A00B400EE /* BaseScene.swift */ = {isa = PBXFileReference; fileEncoding = 4; lastKnownFileType = sourcecode.swift; path = BaseScene.swift; sourceTree = "<group>"; };
		1F3612C81C53265A00B400EE /* GameOverScene.swift */ = {isa = PBXFileReference; fileEncoding = 4; lastKnownFileType = sourcecode.swift; path = GameOverScene.swift; sourceTree = "<group>"; };
		1F3612C91C53265A00B400EE /* GameScene.swift */ = {isa = PBXFileReference; fileEncoding = 4; lastKnownFileType = sourcecode.swift; path = GameScene.swift; sourceTree = "<group>"; };
		1F3612CA1C53265A00B400EE /* MenuScene.swift */ = {isa = PBXFileReference; fileEncoding = 4; lastKnownFileType = sourcecode.swift; path = MenuScene.swift; sourceTree = "<group>"; };
		1F3612CF1C53267500B400EE /* Enemy.swift */ = {isa = PBXFileReference; fileEncoding = 4; lastKnownFileType = sourcecode.swift; path = Enemy.swift; sourceTree = "<group>"; };
		1F3612D01C53267500B400EE /* Player.swift */ = {isa = PBXFileReference; fileEncoding = 4; lastKnownFileType = sourcecode.swift; path = Player.swift; sourceTree = "<group>"; };
		1F3612D11C53267500B400EE /* Spam.swift */ = {isa = PBXFileReference; fileEncoding = 4; lastKnownFileType = sourcecode.swift; path = Spam.swift; sourceTree = "<group>"; };
		1F3612D51C5326F100B400EE /* GameViewController.swift */ = {isa = PBXFileReference; fileEncoding = 4; lastKnownFileType = sourcecode.swift; path = GameViewController.swift; sourceTree = "<group>"; };
		1F3612D71C5343FD00B400EE /* iAd.framework */ = {isa = PBXFileReference; lastKnownFileType = wrapper.framework; name = iAd.framework; path = System/Library/Frameworks/iAd.framework; sourceTree = SDKROOT; };
/* End PBXFileReference section */

/* Begin PBXFrameworksBuildPhase section */
		1F3612481C53185200B400EE /* Frameworks */ = {
			isa = PBXFrameworksBuildPhase;
			buildActionMask = 2147483647;
			files = (
				1F3612D81C5343FD00B400EE /* iAd.framework in Frameworks */,
				1F3612A41C531A2300B400EE /* GoogleMobileAds.framework in Frameworks */,
				1F3612A21C5319E100B400EE /* AVFoundation.framework in Frameworks */,
				1F3612A01C5319C600B400EE /* GameKit.framework in Frameworks */,
				1F36129E1C5319BD00B400EE /* Social.framework in Frameworks */,
			);
			runOnlyForDeploymentPostprocessing = 0;
		};
/* End PBXFrameworksBuildPhase section */

/* Begin PBXGroup section */
		1F3612421C53185200B400EE = {
			isa = PBXGroup;
			children = (
				1F3612D71C5343FD00B400EE /* iAd.framework */,
				1F3612A31C531A2300B400EE /* GoogleMobileAds.framework */,
				1F3612A11C5319E100B400EE /* AVFoundation.framework */,
				1F36129F1C5319C600B400EE /* GameKit.framework */,
				1F36129D1C5319BD00B400EE /* Social.framework */,
				1F36124D1C53185200B400EE /* Chasing Love */,
				1F36124C1C53185200B400EE /* Products */,
			);
			sourceTree = "<group>";
		};
		1F36124C1C53185200B400EE /* Products */ = {
			isa = PBXGroup;
			children = (
				1F36124B1C53185200B400EE /* Chasing Love.app */,
			);
			name = Products;
			sourceTree = "<group>";
		};
		1F36124D1C53185200B400EE /* Chasing Love */ = {
			isa = PBXGroup;
			children = (
				1F3612901C53199200B400EE /* Supporting Files */,
				1F3612671C5318DE00B400EE /* Extensions */,
				1F3612661C5318D300B400EE /* Config */,
				1F3612641C53189B00B400EE /* Scenes */,
				1F3612631C53188E00B400EE /* GameObjects */,
				1F3612621C53188600B400EE /* Sounds */,
				1F3612651C5318B100B400EE /* Resources */,
			);
			path = "Chasing Love";
			sourceTree = "<group>";
		};
		1F3612621C53188600B400EE /* Sounds */ = {
			isa = PBXGroup;
			children = (
				1F3612B11C53259800B400EE /* Appear.mp3 */,
				1F3612B21C53259800B400EE /* Background.mp3 */,
				1F3612B31C53259800B400EE /* Enemy.mp3 */,
				1F3612B41C53259800B400EE /* GameOver.mp3 */,
				1F3612B51C53259800B400EE /* Hello.mp3 */,
				1F3612B61C53259800B400EE /* Tap.mp3 */,
				1F3612AF1C5324EB00B400EE /* Collect.mp3 */,
			);
			name = Sounds;
			sourceTree = "<group>";
		};
		1F3612631C53188E00B400EE /* GameObjects */ = {
			isa = PBXGroup;
			children = (
				1F3612CF1C53267500B400EE /* Enemy.swift */,
				1F3612D01C53267500B400EE /* Player.swift */,
				1F3612D11C53267500B400EE /* Spam.swift */,
			);
			name = GameObjects;
			sourceTree = "<group>";
		};
		1F3612641C53189B00B400EE /* Scenes */ = {
			isa = PBXGroup;
			children = (
				1F3612C71C53265A00B400EE /* BaseScene.swift */,
				1F3612C81C53265A00B400EE /* GameOverScene.swift */,
				1F3612C91C53265A00B400EE /* GameScene.swift */,
				1F3612CA1C53265A00B400EE /* MenuScene.swift */,
			);
			name = Scenes;
			sourceTree = "<group>";
		};
		1F3612651C5318B100B400EE /* Resources */ = {
			isa = PBXGroup;
			children = (
				1F3612551C53185200B400EE /* Assets.xcassets */,
			);
			name = Resources;
			sourceTree = "<group>";
		};
		1F3612661C5318D300B400EE /* Config */ = {
			isa = PBXGroup;
			children = (
				1F3612AD1C5323F900B400EE /* Config.swift */,
			);
			name = Config;
			sourceTree = "<group>";
		};
		1F3612671C5318DE00B400EE /* Extensions */ = {
			isa = PBXGroup;
			children = (
				1F3612C51C53261800B400EE /* Int+Extensions.swift */,
				1F3612BD1C5325ED00B400EE /* CGFloat+Extensions.swift */,
				1F3612BE1C5325ED00B400EE /* CGPoint+Extensions.swift */,
				1F3612BF1C5325ED00B400EE /* SKAction+Extensions.swift */,
				1F3612C01C5325ED00B400EE /* UIColor+Extensions.swift */,
			);
			name = Extensions;
			sourceTree = "<group>";
		};
		1F3612901C53199200B400EE /* Supporting Files */ = {
			isa = PBXGroup;
			children = (
				1F3612D51C5326F100B400EE /* GameViewController.swift */,
				1F36124E1C53185200B400EE /* AppDelegate.swift */,
				1F3612521C53185200B400EE /* Main.storyboard */,
				1F3612571C53185200B400EE /* LaunchScreen.storyboard */,
				1F36125A1C53185200B400EE /* Info.plist */,
			);
			name = "Supporting Files";
			sourceTree = "<group>";
		};
/* End PBXGroup section */

/* Begin PBXNativeTarget section */
		1F36124A1C53185200B400EE /* Chasing Love */ = {
			isa = PBXNativeTarget;
			buildConfigurationList = 1F36125D1C53185200B400EE /* Build configuration list for PBXNativeTarget "Chasing Love" */;
			buildPhases = (
				1F3612471C53185200B400EE /* Sources */,
				1F3612481C53185200B400EE /* Frameworks */,
				1F3612491C53185200B400EE /* Resources */,
			);
			buildRules = (
			);
			dependencies = (
			);
			name = "Chasing Love";
			productName = "Chasing Love";
			productReference = 1F36124B1C53185200B400EE /* Chasing Love.app */;
			productType = "com.apple.product-type.application";
		};
/* End PBXNativeTarget section */

/* Begin PBXProject section */
		1F3612431C53185200B400EE /* Project object */ = {
			isa = PBXProject;
			attributes = {
				LastSwiftUpdateCheck = 0720;
				LastUpgradeCheck = 0720;
				ORGANIZATIONNAME = "Nhat Tran";
				TargetAttributes = {
					1F36124A1C53185200B400EE = {
						CreatedOnToolsVersion = 7.2;
						LastSwiftMigration = 0820;
					};
				};
			};
			buildConfigurationList = 1F3612461C53185200B400EE /* Build configuration list for PBXProject "Chasing Love" */;
			compatibilityVersion = "Xcode 3.2";
			developmentRegion = English;
			hasScannedForEncodings = 0;
			knownRegions = (
				en,
				Base,
			);
			mainGroup = 1F3612421C53185200B400EE;
			productRefGroup = 1F36124C1C53185200B400EE /* Products */;
			projectDirPath = "";
			projectRoot = "";
			targets = (
				1F36124A1C53185200B400EE /* Chasing Love */,
			);
		};
/* End PBXProject section */

/* Begin PBXResourcesBuildPhase section */
		1F3612491C53185200B400EE /* Resources */ = {
			isa = PBXResourcesBuildPhase;
			buildActionMask = 2147483647;
			files = (
				1F3612BA1C53259800B400EE /* GameOver.mp3 in Resources */,
				1F3612B81C53259800B400EE /* Background.mp3 in Resources */,
				1F3612591C53185200B400EE /* LaunchScreen.storyboard in Resources */,
				1F3612B91C53259800B400EE /* Enemy.mp3 in Resources */,
				1F3612BC1C53259800B400EE /* Tap.mp3 in Resources */,
				1F3612561C53185200B400EE /* Assets.xcassets in Resources */,
				1F3612B71C53259800B400EE /* Appear.mp3 in Resources */,
				1F3612BB1C53259800B400EE /* Hello.mp3 in Resources */,
				1F3612541C53185200B400EE /* Main.storyboard in Resources */,
				1F3612B01C5324EB00B400EE /* Collect.mp3 in Resources */,
			);
			runOnlyForDeploymentPostprocessing = 0;
		};
/* End PBXResourcesBuildPhase section */

/* Begin PBXSourcesBuildPhase section */
		1F3612471C53185200B400EE /* Sources */ = {
			isa = PBXSourcesBuildPhase;
			buildActionMask = 2147483647;
			files = (
				1F3612CC1C53265A00B400EE /* GameOverScene.swift in Sources */,
				1F3612D21C53267500B400EE /* Enemy.swift in Sources */,
				1F3612CB1C53265A00B400EE /* BaseScene.swift in Sources */,
				1F3612D31C53267500B400EE /* Player.swift in Sources */,
				1F3612C21C5325ED00B400EE /* CGPoint+Extensions.swift in Sources */,
				1F36124F1C53185200B400EE /* AppDelegate.swift in Sources */,
				1F3612CD1C53265A00B400EE /* GameScene.swift in Sources */,
				1F3612D41C53267500B400EE /* Spam.swift in Sources */,
				1F3612C31C5325ED00B400EE /* SKAction+Extensions.swift in Sources */,
				1F3612C41C5325ED00B400EE /* UIColor+Extensions.swift in Sources */,
				1F3612D61C5326F100B400EE /* GameViewController.swift in Sources */,
				1F3612C61C53261800B400EE /* Int+Extensions.swift in Sources */,
				1F3612CE1C53265A00B400EE /* MenuScene.swift in Sources */,
				1F3612C11C5325ED00B400EE /* CGFloat+Extensions.swift in Sources */,
				1F3612AE1C5323F900B400EE /* Config.swift in Sources */,
			);
			runOnlyForDeploymentPostprocessing = 0;
		};
/* End PBXSourcesBuildPhase section */

/* Begin PBXVariantGroup section */
		1F3612521C53185200B400EE /* Main.storyboard */ = {
			isa = PBXVariantGroup;
			children = (
				1F3612531C53185200B400EE /* Base */,
			);
			name = Main.storyboard;
			sourceTree = "<group>";
		};
		1F3612571C53185200B400EE /* LaunchScreen.storyboard */ = {
			isa = PBXVariantGroup;
			children = (
				1F3612581C53185200B400EE /* Base */,
			);
			name = LaunchScreen.storyboard;
			sourceTree = "<group>";
		};
/* End PBXVariantGroup section */

/* Begin XCBuildConfiguration section */
		1F36125B1C53185200B400EE /* Debug */ = {
			isa = XCBuildConfiguration;
			buildSettings = {
				ALWAYS_SEARCH_USER_PATHS = NO;
				CLANG_CXX_LANGUAGE_STANDARD = "gnu++0x";
				CLANG_CXX_LIBRARY = "libc++";
				CLANG_ENABLE_MODULES = YES;
				CLANG_ENABLE_OBJC_ARC = YES;
				CLANG_WARN_BOOL_CONVERSION = YES;
				CLANG_WARN_CONSTANT_CONVERSION = YES;
				CLANG_WARN_DIRECT_OBJC_ISA_USAGE = YES_ERROR;
				CLANG_WARN_EMPTY_BODY = YES;
				CLANG_WARN_ENUM_CONVERSION = YES;
				CLANG_WARN_INT_CONVERSION = YES;
				CLANG_WARN_OBJC_ROOT_CLASS = YES_ERROR;
				CLANG_WARN_UNREACHABLE_CODE = YES;
				CLANG_WARN__DUPLICATE_METHOD_MATCH = YES;
				"CODE_SIGN_IDENTITY[sdk=iphoneos*]" = "iPhone Developer";
				COPY_PHASE_STRIP = NO;
				DEBUG_INFORMATION_FORMAT = dwarf;
				ENABLE_BITCODE = NO;
				ENABLE_STRICT_OBJC_MSGSEND = YES;
				ENABLE_TESTABILITY = YES;
				GCC_C_LANGUAGE_STANDARD = gnu99;
				GCC_DYNAMIC_NO_PIC = NO;
				GCC_NO_COMMON_BLOCKS = YES;
				GCC_OPTIMIZATION_LEVEL = 0;
				GCC_PREPROCESSOR_DEFINITIONS = (
					"DEBUG=1",
					"$(inherited)",
				);
				GCC_WARN_64_TO_32_BIT_CONVERSION = YES;
				GCC_WARN_ABOUT_RETURN_TYPE = YES_ERROR;
				GCC_WARN_UNDECLARED_SELECTOR = YES;
				GCC_WARN_UNINITIALIZED_AUTOS = YES_AGGRESSIVE;
				GCC_WARN_UNUSED_FUNCTION = YES;
				GCC_WARN_UNUSED_VARIABLE = YES;
				IPHONEOS_DEPLOYMENT_TARGET = 8.1;
				MTL_ENABLE_DEBUG_INFO = YES;
				ONLY_ACTIVE_ARCH = YES;
				SDKROOT = iphoneos;
				SWIFT_OPTIMIZATION_LEVEL = "-Onone";
				TARGETED_DEVICE_FAMILY = "1,2";
			};
			name = Debug;
		};
		1F36125C1C53185200B400EE /* Release */ = {
			isa = XCBuildConfiguration;
			buildSettings = {
				ALWAYS_SEARCH_USER_PATHS = NO;
				CLANG_CXX_LANGUAGE_STANDARD = "gnu++0x";
				CLANG_CXX_LIBRARY = "libc++";
				CLANG_ENABLE_MODULES = YES;
				CLANG_ENABLE_OBJC_ARC = YES;
				CLANG_WARN_BOOL_CONVERSION = YES;
				CLANG_WARN_CONSTANT_CONVERSION = YES;
				CLANG_WARN_DIRECT_OBJC_ISA_USAGE = YES_ERROR;
				CLANG_WARN_EMPTY_BODY = YES;
				CLANG_WARN_ENUM_CONVERSION = YES;
				CLANG_WARN_INT_CONVERSION = YES;
				CLANG_WARN_OBJC_ROOT_CLASS = YES_ERROR;
				CLANG_WARN_UNREACHABLE_CODE = YES;
				CLANG_WARN__DUPLICATE_METHOD_MATCH = YES;
				"CODE_SIGN_IDENTITY[sdk=iphoneos*]" = "iPhone Developer";
				COPY_PHASE_STRIP = NO;
				DEBUG_INFORMATION_FORMAT = "dwarf-with-dsym";
				ENABLE_BITCODE = NO;
				ENABLE_NS_ASSERTIONS = NO;
				ENABLE_STRICT_OBJC_MSGSEND = YES;
				GCC_C_LANGUAGE_STANDARD = gnu99;
				GCC_NO_COMMON_BLOCKS = YES;
				GCC_WARN_64_TO_32_BIT_CONVERSION = YES;
				GCC_WARN_ABOUT_RETURN_TYPE = YES_ERROR;
				GCC_WARN_UNDECLARED_SELECTOR = YES;
				GCC_WARN_UNINITIALIZED_AUTOS = YES_AGGRESSIVE;
				GCC_WARN_UNUSED_FUNCTION = YES;
				GCC_WARN_UNUSED_VARIABLE = YES;
				IPHONEOS_DEPLOYMENT_TARGET = 8.1;
				MTL_ENABLE_DEBUG_INFO = NO;
				SDKROOT = iphoneos;
				TARGETED_DEVICE_FAMILY = "1,2";
				VALIDATE_PRODUCT = YES;
			};
			name = Release;
		};
		1F36125E1C53185200B400EE /* Debug */ = {
			isa = XCBuildConfiguration;
			buildSettings = {
				ASSETCATALOG_COMPILER_APPICON_NAME = AppIcon;
				CODE_SIGN_IDENTITY = "iPhone Developer";
				"CODE_SIGN_IDENTITY[sdk=iphoneos*]" = "iPhone Developer";
				DEVELOPMENT_TEAM = "";
				ENABLE_BITCODE = NO;
				FRAMEWORK_SEARCH_PATHS = (
					"$(inherited)",
					"$(PROJECT_DIR)",
				);
				INFOPLIST_FILE = "Chasing Love/Info.plist";
				IPHONEOS_DEPLOYMENT_TARGET = 8.0;
				LD_RUNPATH_SEARCH_PATHS = "$(inherited) @executable_path/Frameworks";
				PRODUCT_BUNDLE_IDENTIFIER = "Nhat.Chasing-Love";
				PRODUCT_NAME = "$(TARGET_NAME)";
				PROVISIONING_PROFILE = "";
				SWIFT_VERSION = 3.0;
			};
			name = Debug;
		};
		1F36125F1C53185200B400EE /* Release */ = {
			isa = XCBuildConfiguration;
			buildSettings = {
				ASSETCATALOG_COMPILER_APPICON_NAME = AppIcon;
				CODE_SIGN_IDENTITY = "iPhone Developer";
				"CODE_SIGN_IDENTITY[sdk=iphoneos*]" = "iPhone Developer";
				DEVELOPMENT_TEAM = "";
				ENABLE_BITCODE = NO;
				FRAMEWORK_SEARCH_PATHS = (
					"$(inherited)",
					"$(PROJECT_DIR)",
				);
				INFOPLIST_FILE = "Chasing Love/Info.plist";
				IPHONEOS_DEPLOYMENT_TARGET = 8.0;
				LD_RUNPATH_SEARCH_PATHS = "$(inherited) @executable_path/Frameworks";
				PRODUCT_BUNDLE_IDENTIFIER = "Nhat.Chasing-Love";
				PRODUCT_NAME = "$(TARGET_NAME)";
				PROVISIONING_PROFILE = "";
				SWIFT_OPTIMIZATION_LEVEL = "-Onone";
				SWIFT_VERSION = 3.0;
			};
			name = Release;
		};
/* End XCBuildConfiguration section */

/* Begin XCConfigurationList section */
		1F3612461C53185200B400EE /* Build configuration list for PBXProject "Chasing Love" */ = {
			isa = XCConfigurationList;
			buildConfigurations = (
				1F36125B1C53185200B400EE /* Debug */,
				1F36125C1C53185200B400EE /* Release */,
			);
			defaultConfigurationIsVisible = 0;
			defaultConfigurationName = Release;
		};
		1F36125D1C53185200B400EE /* Build configuration list for PBXNativeTarget "Chasing Love" */ = {
			isa = XCConfigurationList;
			buildConfigurations = (
				1F36125E1C53185200B400EE /* Debug */,
				1F36125F1C53185200B400EE /* Release */,
			);
			defaultConfigurationIsVisible = 0;
			defaultConfigurationName = Release;
		};
/* End XCConfigurationList section */
	};
	rootObject = 1F3612431C53185200B400EE /* Project object */;
}
